
Microsoft Visual Studio Solution File, Format Version 12.00
# Visual Studio Version 16
VisualStudioVersion = 16.0.31129.286
MinimumVisualStudioVersion = 10.0.40219.1
Project("{FAE04EC0-301F-11D3-BF4B-00C04F79EFBC}") = "Api_RedSocial", "Api_RedSocial.csproj", "{284B4EAC-BDEB-43EC-A68D-ECC582D29DC9}"
EndProject
Global
	GlobalSection(SolutionConfigurationPlatforms) = preSolution
		Debug|Any CPU = Debug|Any CPU
		Release|Any CPU = Release|Any CPU
	EndGlobalSection
	GlobalSection(ProjectConfigurationPlatforms) = postSolution
		{284B4EAC-BDEB-43EC-A68D-ECC582D29DC9}.Debug|Any CPU.ActiveCfg = Debug|Any CPU
		{284B4EAC-BDEB-43EC-A68D-ECC582D29DC9}.Debug|Any CPU.Build.0 = Debug|Any CPU
		{284B4EAC-BDEB-43EC-A68D-ECC582D29DC9}.Release|Any CPU.ActiveCfg = Release|Any CPU
		{284B4EAC-BDEB-43EC-A68D-ECC582D29DC9}.Release|Any CPU.Build.0 = Release|Any CPU
	EndGlobalSection
	GlobalSection(SolutionProperties) = preSolution
		HideSolutionNode = FALSE
	EndGlobalSection
	GlobalSection(ExtensibilityGlobals) = postSolution
		SolutionGuid = {55ECCE57-EF02-4FFA-97BC-0617506CEA55}
	EndGlobalSection
EndGlobal
